
Microsoft Visual Studio Solution File, Format Version 12.00
# Visual Studio Version 17
VisualStudioVersion = 17.7.34003.232
MinimumVisualStudioVersion = 10.0.40219.1
Project("{FAE04EC0-301F-11D3-BF4B-00C04F79EFBC}") = "RouteCourseApp", "RouteCourseApp\RouteCourseApp.csproj", "{EE2CD5A8-3383-4F6D-A893-B54EB18EAA8B}"
EndProject
Global
	GlobalSection(SolutionConfigurationPlatforms) = preSolution
		Debug|Any CPU = Debug|Any CPU
		Release|Any CPU = Release|Any CPU
	EndGlobalSection
	GlobalSection(ProjectConfigurationPlatforms) = postSolution
		{EE2CD5A8-3383-4F6D-A893-B54EB18EAA8B}.Debug|Any CPU.ActiveCfg = Debug|Any CPU
		{EE2CD5A8-3383-4F6D-A893-B54EB18EAA8B}.Debug|Any CPU.Build.0 = Debug|Any CPU
		{EE2CD5A8-3383-4F6D-A893-B54EB18EAA8B}.Release|Any CPU.ActiveCfg = Release|Any CPU
		{EE2CD5A8-3383-4F6D-A893-B54EB18EAA8B}.Release|Any CPU.Build.0 = Release|Any CPU
	EndGlobalSection
	GlobalSection(SolutionProperties) = preSolution
		HideSolutionNode = FALSE
	EndGlobalSection
	GlobalSection(ExtensibilityGlobals) = postSolution
		SolutionGuid = {EDA21D41-E187-41BA-8407-F9024083AA0E}
	EndGlobalSection
EndGlobal
